
Microsoft Visual Studio Solution File, Format Version 12.00
# Visual Studio Version 17
VisualStudioVersion = 17.0.31903.59
MinimumVisualStudioVersion = 10.0.40219.1
Project("{FAE04EC0-301F-11D3-BF4B-00C04F79EFBC}") = "OpsContext.Agents", "OpsContext.Agents\OpsContext.Agents.csproj", "{011C152C-9D07-4834-87C7-E57CA140CCE3}"
EndProject
Project("{FAE04EC0-301F-11D3-BF4B-00C04F79EFBC}") = "OpsContext.Seed", "OpsContext.Seed\OpsContext.Seed.csproj", "{C1DDDACE-DBBE-420C-94BC-80AD309A5437}"
EndProject
Project("{FAE04EC0-301F-11D3-BF4B-00C04F79EFBC}") = "OpsContext.Web", "OpsContext.Web\OpsContext.Web.csproj", "{54AB2F30-F090-4C52-944C-680D10D4EFA4}"
EndProject
Global
	GlobalSection(SolutionConfigurationPlatforms) = preSolution
		Debug|Any CPU = Debug|Any CPU
		Debug|x64 = Debug|x64
		Debug|x86 = Debug|x86
		Release|Any CPU = Release|Any CPU
		Release|x64 = Release|x64
		Release|x86 = Release|x86
	EndGlobalSection
	GlobalSection(ProjectConfigurationPlatforms) = postSolution
		{011C152C-9D07-4834-87C7-E57CA140CCE3}.Debug|Any CPU.ActiveCfg = Debug|Any CPU
		{011C152C-9D07-4834-87C7-E57CA140CCE3}.Debug|Any CPU.Build.0 = Debug|Any CPU
		{011C152C-9D07-4834-87C7-E57CA140CCE3}.Debug|x64.ActiveCfg = Debug|Any CPU
		{011C152C-9D07-4834-87C7-E57CA140CCE3}.Debug|x64.Build.0 = Debug|Any CPU
		{011C152C-9D07-4834-87C7-E57CA140CCE3}.Debug|x86.ActiveCfg = Debug|Any CPU
		{011C152C-9D07-4834-87C7-E57CA140CCE3}.Debug|x86.Build.0 = Debug|Any CPU
		{011C152C-9D07-4834-87C7-E57CA140CCE3}.Release|Any CPU.ActiveCfg = Release|Any CPU
		{011C152C-9D07-4834-87C7-E57CA140CCE3}.Release|Any CPU.Build.0 = Release|Any CPU
		{011C152C-9D07-4834-87C7-E57CA140CCE3}.Release|x64.ActiveCfg = Release|Any CPU
		{011C152C-9D07-4834-87C7-E57CA140CCE3}.Release|x64.Build.0 = Release|Any CPU
		{011C152C-9D07-4834-87C7-E57CA140CCE3}.Release|x86.ActiveCfg = Release|Any CPU
		{011C152C-9D07-4834-87C7-E57CA140CCE3}.Release|x86.Build.0 = Release|Any CPU
		{C1DDDACE-DBBE-420C-94BC-80AD309A5437}.Debug|Any CPU.ActiveCfg = Debug|Any CPU
		{C1DDDACE-DBBE-420C-94BC-80AD309A5437}.Debug|Any CPU.Build.0 = Debug|Any CPU
		{C1DDDACE-DBBE-420C-94BC-80AD309A5437}.Debug|x64.ActiveCfg = Debug|Any CPU
		{C1DDDACE-DBBE-420C-94BC-80AD309A5437}.Debug|x64.Build.0 = Debug|Any CPU
		{C1DDDACE-DBBE-420C-94BC-80AD309A5437}.Debug|x86.ActiveCfg = Debug|Any CPU
		{C1DDDACE-DBBE-420C-94BC-80AD309A5437}.Debug|x86.Build.0 = Debug|Any CPU
		{C1DDDACE-DBBE-420C-94BC-80AD309A5437}.Release|Any CPU.ActiveCfg = Release|Any CPU
		{C1DDDACE-DBBE-420C-94BC-80AD309A5437}.Release|Any CPU.Build.0 = Release|Any CPU
		{C1DDDACE-DBBE-420C-94BC-80AD309A5437}.Release|x64.ActiveCfg = Release|Any CPU
		{C1DDDACE-DBBE-420C-94BC-80AD309A5437}.Release|x64.Build.0 = Release|Any CPU
		{C1DDDACE-DBBE-420C-94BC-80AD309A5437}.Release|x86.ActiveCfg = Release|Any CPU
		{C1DDDACE-DBBE-420C-94BC-80AD309A5437}.Release|x86.Build.0 = Release|Any CPU
		{54AB2F30-F090-4C52-944C-680D10D4EFA4}.Debug|Any CPU.ActiveCfg = Debug|Any CPU
		{54AB2F30-F090-4C52-944C-680D10D4EFA4}.Debug|Any CPU.Build.0 = Debug|Any CPU
		{54AB2F30-F090-4C52-944C-680D10D4EFA4}.Debug|x64.ActiveCfg = Debug|Any CPU
		{54AB2F30-F090-4C52-944C-680D10D4EFA4}.Debug|x64.Build.0 = Debug|Any CPU
		{54AB2F30-F090-4C52-944C-680D10D4EFA4}.Debug|x86.ActiveCfg = Debug|Any CPU
		{54AB2F30-F090-4C52-944C-680D10D4EFA4}.Debug|x86.Build.0 = Debug|Any CPU
		{54AB2F30-F090-4C52-944C-680D10D4EFA4}.Release|Any CPU.ActiveCfg = Release|Any CPU
		{54AB2F30-F090-4C52-944C-680D10D4EFA4}.Release|Any CPU.Build.0 = Release|Any CPU
		{54AB2F30-F090-4C52-944C-680D10D4EFA4}.Release|x64.ActiveCfg = Release|Any CPU
		{54AB2F30-F090-4C52-944C-680D10D4EFA4}.Release|x64.Build.0 = Release|Any CPU
		{54AB2F30-F090-4C52-944C-680D10D4EFA4}.Release|x86.ActiveCfg = Release|Any CPU
		{54AB2F30-F090-4C52-944C-680D10D4EFA4}.Release|x86.Build.0 = Release|Any CPU
	EndGlobalSection
	GlobalSection(SolutionProperties) = preSolution
		HideSolutionNode = FALSE
	EndGlobalSection
EndGlobal
